
Microsoft Visual Studio Solution File, Format Version 12.00
# Visual Studio 15
VisualStudioVersion = 15.0.28010.2050
MinimumVisualStudioVersion = 10.0.40219.1
Project("{FAE04EC0-301F-11D3-BF4B-00C04F79EFBC}") = "AtYarisiOyun", "AtYarisiOyun\AtYarisiOyun.csproj", "{AEF82A0C-7A9D-4761-90DE-4CAF8FBE845A}"
EndProject
Global
	GlobalSection(SolutionConfigurationPlatforms) = preSolution
		Debug|Any CPU = Debug|Any CPU
		Release|Any CPU = Release|Any CPU
	EndGlobalSection
	GlobalSection(ProjectConfigurationPlatforms) = postSolution
		{AEF82A0C-7A9D-4761-90DE-4CAF8FBE845A}.Debug|Any CPU.ActiveCfg = Debug|Any CPU
		{AEF82A0C-7A9D-4761-90DE-4CAF8FBE845A}.Debug|Any CPU.Build.0 = Debug|Any CPU
		{AEF82A0C-7A9D-4761-90DE-4CAF8FBE845A}.Release|Any CPU.ActiveCfg = Release|Any CPU
		{AEF82A0C-7A9D-4761-90DE-4CAF8FBE845A}.Release|Any CPU.Build.0 = Release|Any CPU
	EndGlobalSection
	GlobalSection(SolutionProperties) = preSolution
		HideSolutionNode = FALSE
	EndGlobalSection
	GlobalSection(ExtensibilityGlobals) = postSolution
		SolutionGuid = {F937B45D-13F7-4AAA-8236-04455DA5B56A}
	EndGlobalSection
EndGlobal
